
Microsoft Visual Studio Solution File, Format Version 12.00
# Visual Studio Version 17
VisualStudioVersion = 17.3.32929.385
MinimumVisualStudioVersion = 10.0.40219.1
Project("{FAE04EC0-301F-11D3-BF4B-00C04F79EFBC}") = "Split", "Split\Split.csproj", "{8F5E8EB6-53F7-4AA9-8000-8DBAAB0AFD7A}"
EndProject
Global
	GlobalSection(SolutionConfigurationPlatforms) = preSolution
		Debug|Any CPU = Debug|Any CPU
		Release|Any CPU = Release|Any CPU
	EndGlobalSection
	GlobalSection(ProjectConfigurationPlatforms) = postSolution
		{8F5E8EB6-53F7-4AA9-8000-8DBAAB0AFD7A}.Debug|Any CPU.ActiveCfg = Debug|Any CPU
		{8F5E8EB6-53F7-4AA9-8000-8DBAAB0AFD7A}.Debug|Any CPU.Build.0 = Debug|Any CPU
		{8F5E8EB6-53F7-4AA9-8000-8DBAAB0AFD7A}.Release|Any CPU.ActiveCfg = Release|Any CPU
		{8F5E8EB6-53F7-4AA9-8000-8DBAAB0AFD7A}.Release|Any CPU.Build.0 = Release|Any CPU
	EndGlobalSection
	GlobalSection(SolutionProperties) = preSolution
		HideSolutionNode = FALSE
	EndGlobalSection
	GlobalSection(ExtensibilityGlobals) = postSolution
		SolutionGuid = {3E0D07CD-1B3E-4918-A97B-35E4011E50ED}
	EndGlobalSection
EndGlobal
