
Microsoft Visual Studio Solution File, Format Version 12.00
# Visual Studio Version 17
VisualStudioVersion = 17.3.32929.385
MinimumVisualStudioVersion = 10.0.40219.1
Project("{FAE04EC0-301F-11D3-BF4B-00C04F79EFBC}") = "Personnel accouting collection ver.", "..\Personnel accouting collection ver\Personnel accouting collection ver\Personnel accouting collection ver..csproj", "{52AD0472-387D-4D7C-B2D8-D6ACEB1728DD}"
EndProject
Global
	GlobalSection(SolutionConfigurationPlatforms) = preSolution
		Debug|Any CPU = Debug|Any CPU
		Release|Any CPU = Release|Any CPU
	EndGlobalSection
	GlobalSection(ProjectConfigurationPlatforms) = postSolution
		{52AD0472-387D-4D7C-B2D8-D6ACEB1728DD}.Debug|Any CPU.ActiveCfg = Debug|Any CPU
		{52AD0472-387D-4D7C-B2D8-D6ACEB1728DD}.Debug|Any CPU.Build.0 = Debug|Any CPU
		{52AD0472-387D-4D7C-B2D8-D6ACEB1728DD}.Release|Any CPU.ActiveCfg = Release|Any CPU
		{52AD0472-387D-4D7C-B2D8-D6ACEB1728DD}.Release|Any CPU.Build.0 = Release|Any CPU
	EndGlobalSection
	GlobalSection(SolutionProperties) = preSolution
		HideSolutionNode = FALSE
	EndGlobalSection
	GlobalSection(ExtensibilityGlobals) = postSolution
		SolutionGuid = {949EE36C-0171-4FFD-B168-5C31D00D9DDD}
	EndGlobalSection
EndGlobal
