
Microsoft Visual Studio Solution File, Format Version 12.00
# Visual Studio Version 17
VisualStudioVersion = 17.3.32929.385
MinimumVisualStudioVersion = 10.0.40219.1
Project("{FAE04EC0-301F-11D3-BF4B-00C04F79EFBC}") = "Max Element", "Max Element\Max Element.csproj", "{6F1FC3D0-CE28-4059-888F-B110DD48DB1B}"
EndProject
Global
	GlobalSection(SolutionConfigurationPlatforms) = preSolution
		Debug|Any CPU = Debug|Any CPU
		Release|Any CPU = Release|Any CPU
	EndGlobalSection
	GlobalSection(ProjectConfigurationPlatforms) = postSolution
		{6F1FC3D0-CE28-4059-888F-B110DD48DB1B}.Debug|Any CPU.ActiveCfg = Debug|Any CPU
		{6F1FC3D0-CE28-4059-888F-B110DD48DB1B}.Debug|Any CPU.Build.0 = Debug|Any CPU
		{6F1FC3D0-CE28-4059-888F-B110DD48DB1B}.Release|Any CPU.ActiveCfg = Release|Any CPU
		{6F1FC3D0-CE28-4059-888F-B110DD48DB1B}.Release|Any CPU.Build.0 = Release|Any CPU
	EndGlobalSection
	GlobalSection(SolutionProperties) = preSolution
		HideSolutionNode = FALSE
	EndGlobalSection
	GlobalSection(ExtensibilityGlobals) = postSolution
		SolutionGuid = {D1135A1D-8C22-4FC1-A4C3-9415CC607E1C}
	EndGlobalSection
EndGlobal
