
Microsoft Visual Studio Solution File, Format Version 12.00
# Visual Studio Version 17
VisualStudioVersion = 17.3.32929.385
MinimumVisualStudioVersion = 10.0.40219.1
Project("{FAE04EC0-301F-11D3-BF4B-00C04F79EFBC}") = "Properties", "Properties\Properties.csproj", "{39332074-A011-42E1-9F92-EF257EF36340}"
EndProject
Global
	GlobalSection(SolutionConfigurationPlatforms) = preSolution
		Debug|Any CPU = Debug|Any CPU
		Release|Any CPU = Release|Any CPU
	EndGlobalSection
	GlobalSection(ProjectConfigurationPlatforms) = postSolution
		{39332074-A011-42E1-9F92-EF257EF36340}.Debug|Any CPU.ActiveCfg = Debug|Any CPU
		{39332074-A011-42E1-9F92-EF257EF36340}.Debug|Any CPU.Build.0 = Debug|Any CPU
		{39332074-A011-42E1-9F92-EF257EF36340}.Release|Any CPU.ActiveCfg = Release|Any CPU
		{39332074-A011-42E1-9F92-EF257EF36340}.Release|Any CPU.Build.0 = Release|Any CPU
	EndGlobalSection
	GlobalSection(SolutionProperties) = preSolution
		HideSolutionNode = FALSE
	EndGlobalSection
	GlobalSection(ExtensibilityGlobals) = postSolution
		SolutionGuid = {52F9DD82-640A-4AFA-A9C8-CCEFB1F272ED}
	EndGlobalSection
EndGlobal
