
Microsoft Visual Studio Solution File, Format Version 12.00
# Visual Studio Version 17
VisualStudioVersion = 17.3.32929.385
MinimumVisualStudioVersion = 10.0.40219.1
Project("{FAE04EC0-301F-11D3-BF4B-00C04F79EFBC}") = "Local max2", "Local max2\Local max2.csproj", "{6E866F4B-BCE3-4206-AC99-70DD67B6EECC}"
EndProject
Global
	GlobalSection(SolutionConfigurationPlatforms) = preSolution
		Debug|Any CPU = Debug|Any CPU
		Release|Any CPU = Release|Any CPU
	EndGlobalSection
	GlobalSection(ProjectConfigurationPlatforms) = postSolution
		{6E866F4B-BCE3-4206-AC99-70DD67B6EECC}.Debug|Any CPU.ActiveCfg = Debug|Any CPU
		{6E866F4B-BCE3-4206-AC99-70DD67B6EECC}.Debug|Any CPU.Build.0 = Debug|Any CPU
		{6E866F4B-BCE3-4206-AC99-70DD67B6EECC}.Release|Any CPU.ActiveCfg = Release|Any CPU
		{6E866F4B-BCE3-4206-AC99-70DD67B6EECC}.Release|Any CPU.Build.0 = Release|Any CPU
	EndGlobalSection
	GlobalSection(SolutionProperties) = preSolution
		HideSolutionNode = FALSE
	EndGlobalSection
	GlobalSection(ExtensibilityGlobals) = postSolution
		SolutionGuid = {6BF33074-2A47-4329-9782-7097CC3CFD30}
	EndGlobalSection
EndGlobal
