
Microsoft Visual Studio Solution File, Format Version 12.00
# Visual Studio Version 17
VisualStudioVersion = 17.3.32929.385
MinimumVisualStudioVersion = 10.0.40219.1
Project("{FAE04EC0-301F-11D3-BF4B-00C04F79EFBC}") = "Power of two", "Power of two\Power of two.csproj", "{C0BDB683-5475-4B51-9842-C32F282A8046}"
EndProject
Global
	GlobalSection(SolutionConfigurationPlatforms) = preSolution
		Debug|Any CPU = Debug|Any CPU
		Release|Any CPU = Release|Any CPU
	EndGlobalSection
	GlobalSection(ProjectConfigurationPlatforms) = postSolution
		{C0BDB683-5475-4B51-9842-C32F282A8046}.Debug|Any CPU.ActiveCfg = Debug|Any CPU
		{C0BDB683-5475-4B51-9842-C32F282A8046}.Debug|Any CPU.Build.0 = Debug|Any CPU
		{C0BDB683-5475-4B51-9842-C32F282A8046}.Release|Any CPU.ActiveCfg = Release|Any CPU
		{C0BDB683-5475-4B51-9842-C32F282A8046}.Release|Any CPU.Build.0 = Release|Any CPU
	EndGlobalSection
	GlobalSection(SolutionProperties) = preSolution
		HideSolutionNode = FALSE
	EndGlobalSection
	GlobalSection(ExtensibilityGlobals) = postSolution
		SolutionGuid = {2EDCA06C-4DD0-4923-8192-C7DB5C209438}
	EndGlobalSection
EndGlobal
