
Microsoft Visual Studio Solution File, Format Version 12.00
# Visual Studio Version 17
VisualStudioVersion = 17.3.32929.385
MinimumVisualStudioVersion = 10.0.40219.1
Project("{FAE04EC0-301F-11D3-BF4B-00C04F79EFBC}") = "Join", "Join\Join.csproj", "{FE35715C-4AEB-424C-8B76-E71F4FB947CB}"
EndProject
Global
	GlobalSection(SolutionConfigurationPlatforms) = preSolution
		Debug|Any CPU = Debug|Any CPU
		Release|Any CPU = Release|Any CPU
	EndGlobalSection
	GlobalSection(ProjectConfigurationPlatforms) = postSolution
		{FE35715C-4AEB-424C-8B76-E71F4FB947CB}.Debug|Any CPU.ActiveCfg = Debug|Any CPU
		{FE35715C-4AEB-424C-8B76-E71F4FB947CB}.Debug|Any CPU.Build.0 = Debug|Any CPU
		{FE35715C-4AEB-424C-8B76-E71F4FB947CB}.Release|Any CPU.ActiveCfg = Release|Any CPU
		{FE35715C-4AEB-424C-8B76-E71F4FB947CB}.Release|Any CPU.Build.0 = Release|Any CPU
	EndGlobalSection
	GlobalSection(SolutionProperties) = preSolution
		HideSolutionNode = FALSE
	EndGlobalSection
	GlobalSection(ExtensibilityGlobals) = postSolution
		SolutionGuid = {CF7A5100-71B0-46DE-B165-892F2D11C67E}
	EndGlobalSection
EndGlobal
