
Microsoft Visual Studio Solution File, Format Version 12.00
# Visual Studio Version 17
VisualStudioVersion = 17.3.32929.385
MinimumVisualStudioVersion = 10.0.40219.1
Project("{FAE04EC0-301F-11D3-BF4B-00C04F79EFBC}") = "Local max", "Local max\Local max.csproj", "{15FF9F5B-D09C-44F0-BDCD-F4C481FF8984}"
EndProject
Global
	GlobalSection(SolutionConfigurationPlatforms) = preSolution
		Debug|Any CPU = Debug|Any CPU
		Release|Any CPU = Release|Any CPU
	EndGlobalSection
	GlobalSection(ProjectConfigurationPlatforms) = postSolution
		{15FF9F5B-D09C-44F0-BDCD-F4C481FF8984}.Debug|Any CPU.ActiveCfg = Debug|Any CPU
		{15FF9F5B-D09C-44F0-BDCD-F4C481FF8984}.Debug|Any CPU.Build.0 = Debug|Any CPU
		{15FF9F5B-D09C-44F0-BDCD-F4C481FF8984}.Release|Any CPU.ActiveCfg = Release|Any CPU
		{15FF9F5B-D09C-44F0-BDCD-F4C481FF8984}.Release|Any CPU.Build.0 = Release|Any CPU
	EndGlobalSection
	GlobalSection(SolutionProperties) = preSolution
		HideSolutionNode = FALSE
	EndGlobalSection
	GlobalSection(ExtensibilityGlobals) = postSolution
		SolutionGuid = {CC28F1B1-DC77-476B-8A6B-F62AAEED3F75}
	EndGlobalSection
EndGlobal
