
Microsoft Visual Studio Solution File, Format Version 12.00
# Visual Studio Version 17
VisualStudioVersion = 17.3.32929.385
MinimumVisualStudioVersion = 10.0.40219.1
Project("{FAE04EC0-301F-11D3-BF4B-00C04F79EFBC}") = "Boss fight", "Boss fight\Boss fight.csproj", "{1315665A-9B77-4607-964C-02487A6B2422}"
EndProject
Global
	GlobalSection(SolutionConfigurationPlatforms) = preSolution
		Debug|Any CPU = Debug|Any CPU
		Release|Any CPU = Release|Any CPU
	EndGlobalSection
	GlobalSection(ProjectConfigurationPlatforms) = postSolution
		{1315665A-9B77-4607-964C-02487A6B2422}.Debug|Any CPU.ActiveCfg = Debug|Any CPU
		{1315665A-9B77-4607-964C-02487A6B2422}.Debug|Any CPU.Build.0 = Debug|Any CPU
		{1315665A-9B77-4607-964C-02487A6B2422}.Release|Any CPU.ActiveCfg = Release|Any CPU
		{1315665A-9B77-4607-964C-02487A6B2422}.Release|Any CPU.Build.0 = Release|Any CPU
	EndGlobalSection
	GlobalSection(SolutionProperties) = preSolution
		HideSolutionNode = FALSE
	EndGlobalSection
	GlobalSection(ExtensibilityGlobals) = postSolution
		SolutionGuid = {9B4EFB26-9CD2-4239-9366-67AA10B1A9E9}
	EndGlobalSection
EndGlobal
